// !$*UTF8*$!
{
	archiveVersion = 1;
	classes = {
	};
	objectVersion = 77;
	objects = {

/* Begin PBXBuildFile section */
		C0D09A012F5A000100000001 /* DraftStudio in Frameworks */ = {isa = PBXBuildFile; productRef = C0D09A072F5A000100000007 /* DraftStudio */; };
		C0D09A022F5A000100000002 /* ScreenplayStudio in Frameworks */ = {isa = PBXBuildFile; productRef = C0D09A082F5A000100000008 /* ScreenplayStudio */; };
		C0D09A032F5A000100000003 /* DraftStudio in Frameworks */ = {isa = PBXBuildFile; productRef = C0D09A072F5A000100000007 /* DraftStudio */; };
		C0D09A042F5A000100000004 /* ScreenplayStudio in Frameworks */ = {isa = PBXBuildFile; productRef = C0D09A082F5A000100000008 /* ScreenplayStudio */; };
/* End PBXBuildFile section */

/* Begin PBXFileReference section */
		D699071F2F43F6EF00F55BE4 /* them.app */ = {isa = PBXFileReference; explicitFileType = wrapper.application; includeInIndex = 0; path = them.app; sourceTree = BUILT_PRODUCTS_DIR; };
		A1B2C3092F50000100AAA001 /* themTests.xctest */ = {isa = PBXFileReference; explicitFileType = wrapper.cfbundle; includeInIndex = 0; path = themTests.xctest; sourceTree = BUILT_PRODUCTS_DIR; };
		C0D09A202F5A000100000020 /* themUITests.xctest */ = {isa = PBXFileReference; explicitFileType = wrapper.cfbundle; includeInIndex = 0; path = themUITests.xctest; sourceTree = BUILT_PRODUCTS_DIR; };
		C0D09A092F5A000100000009 /* Config.xcconfig */ = {isa = PBXFileReference; lastKnownFileType = text.xcconfig; path = them/Config.xcconfig; sourceTree = "<group>"; };
/* End PBXFileReference section */

/* Begin PBXFileSystemSynchronizedBuildFileExceptionSet section */
		D699072D2F43F6F100F55BE4 /* Exceptions for "them" folder in "them" target */ = {
			isa = PBXFileSystemSynchronizedBuildFileExceptionSet;
			membershipExceptions = (
				"Config.xcconfig",
				".support",
				".codex_tmp",
				"APP_REVIEW_NOTES_TEMPLATE.md",
				"APP_STORE_PRIVACY_MAPPING.md",
				"APP_STORE_SUBMISSION_CHECKLIST.md",
				"PRIVACY_POLICY.md",
				"QUALITY_GATE.md",
				"RELEASE_RUNBOOK.md",
				"Release.local.env",
				"Release.local.env.example",
				"Release.local.xcconfig",
				".env",
				".env.local",
				".env.production",
				"docs",
				"them.xcworkspace",
				"tmp",
				"Network/BackendClient.swift",
				OrbAudioDriver.swift,
				"Info-Debug.plist",
				"Info-Release.plist",
				Info.plist,
			);
			target = D699071E2F43F6EF00F55BE4 /* them */;
		};
/* End PBXFileSystemSynchronizedBuildFileExceptionSet section */

/* Begin PBXFileSystemSynchronizedRootGroup section */
		A1B2C30B2F50000100AAA001 /* themTests */ = {
			isa = PBXFileSystemSynchronizedRootGroup;
			path = themTests;
			sourceTree = "<group>";
		};
		C0D09A212F5A000100000021 /* themUITests */ = {
			isa = PBXFileSystemSynchronizedRootGroup;
			path = themUITests;
			sourceTree = "<group>";
		};
		D69907212F43F6EF00F55BE4 /* them */ = {
			isa = PBXFileSystemSynchronizedRootGroup;
			exceptions = (
				D699072D2F43F6F100F55BE4 /* Exceptions for "them" folder in "them" target */,
			);
			path = them;
			sourceTree = "<group>";
		};
/* End PBXFileSystemSynchronizedRootGroup section */

/* Begin PBXFrameworksBuildPhase section */
		A1B2C30F2F50000100AAA001 /* Frameworks */ = {
			isa = PBXFrameworksBuildPhase;
			buildActionMask = 2147483647;
			files = (
				C0D09A032F5A000100000003 /* DraftStudio in Frameworks */,
				C0D09A042F5A000100000004 /* ScreenplayStudio in Frameworks */,
			);
			runOnlyForDeploymentPostprocessing = 0;
		};
		C0D09A242F5A000100000024 /* Frameworks */ = {
			isa = PBXFrameworksBuildPhase;
			buildActionMask = 2147483647;
			files = (
			);
			runOnlyForDeploymentPostprocessing = 0;
		};
		D699071C2F43F6EF00F55BE4 /* Frameworks */ = {
			isa = PBXFrameworksBuildPhase;
			buildActionMask = 2147483647;
			files = (
				C0D09A012F5A000100000001 /* DraftStudio in Frameworks */,
				C0D09A022F5A000100000002 /* ScreenplayStudio in Frameworks */,
			);
			runOnlyForDeploymentPostprocessing = 0;
		};
/* End PBXFrameworksBuildPhase section */

/* Begin PBXGroup section */
		D69907162F43F6EF00F55BE4 = {
			isa = PBXGroup;
			children = (
				D69907212F43F6EF00F55BE4 /* them */,
				A1B2C30B2F50000100AAA001 /* themTests */,
				C0D09A212F5A000100000021 /* themUITests */,
				C0D09A092F5A000100000009 /* Config.xcconfig */,
				D69907202F43F6EF00F55BE4 /* Products */,
			);
			sourceTree = "<group>";
		};
		D69907202F43F6EF00F55BE4 /* Products */ = {
			isa = PBXGroup;
			children = (
				D699071F2F43F6EF00F55BE4 /* them.app */,
				A1B2C3092F50000100AAA001 /* themTests.xctest */,
				C0D09A202F5A000100000020 /* themUITests.xctest */,
			);
			name = Products;
			sourceTree = "<group>";
		};
/* End PBXGroup section */

/* Begin PBXContainerItemProxy section */
		A1B2C3112F50000100AAA001 /* PBXContainerItemProxy */ = {
			isa = PBXContainerItemProxy;
			containerPortal = D69907172F43F6EF00F55BE4 /* Project object */;
			proxyType = 1;
			remoteGlobalIDString = D699071E2F43F6EF00F55BE4;
			remoteInfo = them;
		};
		C0D09A262F5A000100000026 /* PBXContainerItemProxy */ = {
			isa = PBXContainerItemProxy;
			containerPortal = D69907172F43F6EF00F55BE4 /* Project object */;
			proxyType = 1;
			remoteGlobalIDString = D699071E2F43F6EF00F55BE4;
			remoteInfo = them;
		};
/* End PBXContainerItemProxy section */

/* Begin PBXNativeTarget section */
		D699071E2F43F6EF00F55BE4 /* them */ = {
			isa = PBXNativeTarget;
			buildConfigurationList = D699072A2F43F6F000F55BE4 /* Build configuration list for PBXNativeTarget "them" */;
			buildPhases = (
				D699071B2F43F6EF00F55BE4 /* Sources */,
				D699071C2F43F6EF00F55BE4 /* Frameworks */,
				D699071D2F43F6EF00F55BE4 /* Resources */,
			);
			buildRules = (
			);
			dependencies = (
			);
			fileSystemSynchronizedGroups = (
				D69907212F43F6EF00F55BE4 /* them */,
			);
			name = them;
			packageProductDependencies = (
				C0D09A072F5A000100000007 /* DraftStudio */,
				C0D09A082F5A000100000008 /* ScreenplayStudio */,
			);
			productName = them;
			productReference = D699071F2F43F6EF00F55BE4 /* them.app */;
			productType = "com.apple.product-type.application";
		};
		A1B2C3082F50000100AAA001 /* themTests */ = {
			isa = PBXNativeTarget;
			buildConfigurationList = A1B2C30A2F50000100AAA001 /* Build configuration list for PBXNativeTarget "themTests" */;
			buildPhases = (
				A1B2C30E2F50000100AAA001 /* Sources */,
				A1B2C30F2F50000100AAA001 /* Frameworks */,
				A1B2C3102F50000100AAA001 /* Resources */,
			);
			buildRules = (
			);
			dependencies = (
				A1B2C3122F50000100AAA001 /* PBXTargetDependency */,
			);
			fileSystemSynchronizedGroups = (
				A1B2C30B2F50000100AAA001 /* themTests */,
			);
			name = themTests;
			packageProductDependencies = (
				C0D09A072F5A000100000007 /* DraftStudio */,
				C0D09A082F5A000100000008 /* ScreenplayStudio */,
			);
			productName = themTests;
			productReference = A1B2C3092F50000100AAA001 /* themTests.xctest */;
			productType = "com.apple.product-type.bundle.unit-test";
		};
		C0D09A222F5A000100000022 /* themUITests */ = {
			isa = PBXNativeTarget;
			buildConfigurationList = C0D09A2A2F5A00010000002A /* Build configuration list for PBXNativeTarget "themUITests" */;
			buildPhases = (
				C0D09A232F5A000100000023 /* Sources */,
				C0D09A242F5A000100000024 /* Frameworks */,
				C0D09A252F5A000100000025 /* Resources */,
			);
			buildRules = (
			);
			dependencies = (
				C0D09A272F5A000100000027 /* PBXTargetDependency */,
			);
			fileSystemSynchronizedGroups = (
				C0D09A212F5A000100000021 /* themUITests */,
			);
			name = themUITests;
			packageProductDependencies = (
			);
			productName = themUITests;
			productReference = C0D09A202F5A000100000020 /* themUITests.xctest */;
			productType = "com.apple.product-type.bundle.ui-testing";
		};
/* End PBXNativeTarget section */

/* Begin PBXProject section */
		D69907172F43F6EF00F55BE4 /* Project object */ = {
			isa = PBXProject;
			attributes = {
				BuildIndependentTargetsInParallel = 1;
				LastSwiftUpdateCheck = 2620;
				LastUpgradeCheck = 2620;
				TargetAttributes = {
					D699071E2F43F6EF00F55BE4 = {
						CreatedOnToolsVersion = 26.2;
					};
					A1B2C3082F50000100AAA001 = {
						CreatedOnToolsVersion = 26.2;
						TestTargetID = D699071E2F43F6EF00F55BE4;
					};
					C0D09A222F5A000100000022 = {
						CreatedOnToolsVersion = 26.2;
						TestTargetID = D699071E2F43F6EF00F55BE4;
					};
				};
			};
			buildConfigurationList = D699071A2F43F6EF00F55BE4 /* Build configuration list for PBXProject "them" */;
			developmentRegion = en;
			hasScannedForEncodings = 0;
			knownRegions = (
				en,
				Base,
			);
			mainGroup = D69907162F43F6EF00F55BE4;
			minimizedProjectReferenceProxies = 1;
			packageReferences = (
				C0D09A052F5A000100000005 /* XCLocalSwiftPackageReference "Packages/DraftStudio" */,
				C0D09A062F5A000100000006 /* XCLocalSwiftPackageReference "Packages/ScreenplayStudio" */,
			);
			preferredProjectObjectVersion = 77;
			productRefGroup = D69907202F43F6EF00F55BE4 /* Products */;
			projectDirPath = "";
			projectRoot = "";
			targets = (
				D699071E2F43F6EF00F55BE4 /* them */,
				A1B2C3082F50000100AAA001 /* themTests */,
				C0D09A222F5A000100000022 /* themUITests */,
			);
		};
/* End PBXProject section */

/* Begin PBXResourcesBuildPhase section */
		A1B2C3102F50000100AAA001 /* Resources */ = {
			isa = PBXResourcesBuildPhase;
			buildActionMask = 2147483647;
			files = (
			);
			runOnlyForDeploymentPostprocessing = 0;
		};
		C0D09A252F5A000100000025 /* Resources */ = {
			isa = PBXResourcesBuildPhase;
			buildActionMask = 2147483647;
			files = (
			);
			runOnlyForDeploymentPostprocessing = 0;
		};
		D699071D2F43F6EF00F55BE4 /* Resources */ = {
			isa = PBXResourcesBuildPhase;
			buildActionMask = 2147483647;
			files = (
			);
			runOnlyForDeploymentPostprocessing = 0;
		};
/* End PBXResourcesBuildPhase section */

/* Begin PBXSourcesBuildPhase section */
		A1B2C30E2F50000100AAA001 /* Sources */ = {
			isa = PBXSourcesBuildPhase;
			buildActionMask = 2147483647;
			files = (
			);
			runOnlyForDeploymentPostprocessing = 0;
		};
		C0D09A232F5A000100000023 /* Sources */ = {
			isa = PBXSourcesBuildPhase;
			buildActionMask = 2147483647;
			files = (
			);
			runOnlyForDeploymentPostprocessing = 0;
		};
		D699071B2F43F6EF00F55BE4 /* Sources */ = {
			isa = PBXSourcesBuildPhase;
			buildActionMask = 2147483647;
			files = (
			);
			runOnlyForDeploymentPostprocessing = 0;
		};
/* End PBXSourcesBuildPhase section */

/* Begin PBXTargetDependency section */
		A1B2C3122F50000100AAA001 /* PBXTargetDependency */ = {
			isa = PBXTargetDependency;
			target = D699071E2F43F6EF00F55BE4 /* them */;
			targetProxy = A1B2C3112F50000100AAA001 /* PBXContainerItemProxy */;
		};
		C0D09A272F5A000100000027 /* PBXTargetDependency */ = {
			isa = PBXTargetDependency;
			target = D699071E2F43F6EF00F55BE4 /* them */;
			targetProxy = C0D09A262F5A000100000026 /* PBXContainerItemProxy */;
		};
/* End PBXTargetDependency section */

/* Begin XCLocalSwiftPackageReference section */
		C0D09A052F5A000100000005 /* XCLocalSwiftPackageReference "Packages/DraftStudio" */ = {
			isa = XCLocalSwiftPackageReference;
			relativePath = Packages/DraftStudio;
		};
		C0D09A062F5A000100000006 /* XCLocalSwiftPackageReference "Packages/ScreenplayStudio" */ = {
			isa = XCLocalSwiftPackageReference;
			relativePath = Packages/ScreenplayStudio;
		};
/* End XCLocalSwiftPackageReference section */

/* Begin XCSwiftPackageProductDependency section */
		C0D09A072F5A000100000007 /* DraftStudio */ = {
			isa = XCSwiftPackageProductDependency;
			package = C0D09A052F5A000100000005 /* XCLocalSwiftPackageReference "Packages/DraftStudio" */;
			productName = DraftStudio;
		};
		C0D09A082F5A000100000008 /* ScreenplayStudio */ = {
			isa = XCSwiftPackageProductDependency;
			package = C0D09A062F5A000100000006 /* XCLocalSwiftPackageReference "Packages/ScreenplayStudio" */;
			productName = ScreenplayStudio;
		};
/* End XCSwiftPackageProductDependency section */

/* Begin XCBuildConfiguration section */
		A1B2C30C2F50000100AAA001 /* Debug */ = {
			isa = XCBuildConfiguration;
			buildSettings = {
				BUNDLE_LOADER = "$(TEST_HOST)";
				CODE_SIGN_STYLE = Automatic;
				CURRENT_PROJECT_VERSION = 1;
				DEVELOPMENT_TEAM = "$(DEVELOPMENT_TEAM_ID)";
				GENERATE_INFOPLIST_FILE = YES;
				INFOPLIST_KEY_CFBundleDisplayName = themTests;
				IPHONEOS_DEPLOYMENT_TARGET = 26.2;
				LD_RUNPATH_SEARCH_PATHS = (
					"$(inherited)",
					"@executable_path/../Frameworks",
					"@loader_path/../Frameworks",
				);
				MACOSX_DEPLOYMENT_TARGET = 26.0;
				PRODUCT_BUNDLE_IDENTIFIER = io.them.themTests;
				PRODUCT_NAME = "$(TARGET_NAME)";
				SDKROOT = auto;
				SUPPORTED_PLATFORMS = "iphoneos iphonesimulator";
				SWIFT_VERSION = 5.0;
				TARGETED_DEVICE_FAMILY = 1;
				TEST_HOST = "$(BUILT_PRODUCTS_DIR)/them.app/them";
				"TEST_HOST[sdk=macosx*]" = "$(BUILT_PRODUCTS_DIR)/them.app/Contents/MacOS/them";
				TEST_TARGET_NAME = them;
			};
			name = Debug;
		};
		A1B2C30D2F50000100AAA001 /* Release */ = {
			isa = XCBuildConfiguration;
			buildSettings = {
				BUNDLE_LOADER = "$(TEST_HOST)";
				CODE_SIGN_STYLE = Automatic;
				CURRENT_PROJECT_VERSION = 1;
				DEVELOPMENT_TEAM = "$(DEVELOPMENT_TEAM_ID)";
				GENERATE_INFOPLIST_FILE = YES;
				INFOPLIST_KEY_CFBundleDisplayName = themTests;
				IPHONEOS_DEPLOYMENT_TARGET = 26.2;
				LD_RUNPATH_SEARCH_PATHS = (
					"$(inherited)",
					"@executable_path/../Frameworks",
					"@loader_path/../Frameworks",
				);
				MACOSX_DEPLOYMENT_TARGET = 26.0;
				PRODUCT_BUNDLE_IDENTIFIER = io.them.themTests;
				PRODUCT_NAME = "$(TARGET_NAME)";
				SDKROOT = auto;
				SUPPORTED_PLATFORMS = "iphoneos iphonesimulator";
				SWIFT_VERSION = 5.0;
				TARGETED_DEVICE_FAMILY = 1;
				TEST_HOST = "$(BUILT_PRODUCTS_DIR)/them.app/them";
				"TEST_HOST[sdk=macosx*]" = "$(BUILT_PRODUCTS_DIR)/them.app/Contents/MacOS/them";
				TEST_TARGET_NAME = them;
			};
			name = Release;
		};
		C0D09A282F5A000100000028 /* Debug */ = {
			isa = XCBuildConfiguration;
			buildSettings = {
				CODE_SIGN_STYLE = Automatic;
				CURRENT_PROJECT_VERSION = 1;
				DEVELOPMENT_TEAM = "$(DEVELOPMENT_TEAM_ID)";
				GENERATE_INFOPLIST_FILE = YES;
				INFOPLIST_KEY_CFBundleDisplayName = themUITests;
				IPHONEOS_DEPLOYMENT_TARGET = 26.2;
				LD_RUNPATH_SEARCH_PATHS = (
					"$(inherited)",
					"@executable_path/../Frameworks",
					"@loader_path/../Frameworks",
				);
				PRODUCT_BUNDLE_IDENTIFIER = io.them.themUITests;
				PRODUCT_NAME = "$(TARGET_NAME)";
				SDKROOT = auto;
				SUPPORTED_PLATFORMS = "iphoneos iphonesimulator";
				SWIFT_VERSION = 5.0;
				TARGETED_DEVICE_FAMILY = 1;
				TEST_TARGET_NAME = them;
			};
			name = Debug;
		};
		C0D09A292F5A000100000029 /* Release */ = {
			isa = XCBuildConfiguration;
			buildSettings = {
				CODE_SIGN_STYLE = Automatic;
				CURRENT_PROJECT_VERSION = 1;
				DEVELOPMENT_TEAM = "$(DEVELOPMENT_TEAM_ID)";
				GENERATE_INFOPLIST_FILE = YES;
				INFOPLIST_KEY_CFBundleDisplayName = themUITests;
				IPHONEOS_DEPLOYMENT_TARGET = 26.2;
				LD_RUNPATH_SEARCH_PATHS = (
					"$(inherited)",
					"@executable_path/../Frameworks",
					"@loader_path/../Frameworks",
				);
				PRODUCT_BUNDLE_IDENTIFIER = io.them.themUITests;
				PRODUCT_NAME = "$(TARGET_NAME)";
				SDKROOT = auto;
				SUPPORTED_PLATFORMS = "iphoneos iphonesimulator";
				SWIFT_VERSION = 5.0;
				TARGETED_DEVICE_FAMILY = 1;
				TEST_TARGET_NAME = them;
			};
			name = Release;
		};
		C0D09A2B2F5A00010000002B /* Mac Scaffold Debug */ = {
			isa = XCBuildConfiguration;
			buildSettings = {
				CODE_SIGN_STYLE = Automatic;
				CURRENT_PROJECT_VERSION = 1;
				DEVELOPMENT_TEAM = "$(DEVELOPMENT_TEAM_ID)";
				GENERATE_INFOPLIST_FILE = YES;
				INFOPLIST_KEY_CFBundleDisplayName = themUITests;
				LD_RUNPATH_SEARCH_PATHS = (
					"$(inherited)",
					"@executable_path/../Frameworks",
					"@loader_path/../Frameworks",
				);
				MACOSX_DEPLOYMENT_TARGET = 26.0;
				PRODUCT_BUNDLE_IDENTIFIER = io.them.themUITests;
				PRODUCT_NAME = "$(TARGET_NAME)";
				SDKROOT = auto;
				SUPPORTED_PLATFORMS = macosx;
				SWIFT_VERSION = 5.0;
				TEST_TARGET_NAME = them;
			};
			name = "Mac Scaffold Debug";
		};
		D69907282F43F6F000F55BE4 /* Debug */ = {
			isa = XCBuildConfiguration;
			buildSettings = {
				ALWAYS_SEARCH_USER_PATHS = NO;
				ASSETCATALOG_COMPILER_GENERATE_SWIFT_ASSET_SYMBOL_EXTENSIONS = YES;
				CLANG_ANALYZER_NONNULL = YES;
				CLANG_ANALYZER_NUMBER_OBJECT_CONVERSION = YES_AGGRESSIVE;
				CLANG_CXX_LANGUAGE_STANDARD = "gnu++20";
				CLANG_ENABLE_MODULES = YES;
				CLANG_ENABLE_OBJC_ARC = YES;
				CLANG_ENABLE_OBJC_WEAK = YES;
				CLANG_WARN_BLOCK_CAPTURE_AUTORELEASING = YES;
				CLANG_WARN_BOOL_CONVERSION = YES;
				CLANG_WARN_COMMA = YES;
				CLANG_WARN_CONSTANT_CONVERSION = YES;
				CLANG_WARN_DEPRECATED_OBJC_IMPLEMENTATIONS = YES;
				CLANG_WARN_DIRECT_OBJC_ISA_USAGE = YES_ERROR;
				CLANG_WARN_DOCUMENTATION_COMMENTS = YES;
				CLANG_WARN_EMPTY_BODY = YES;
				CLANG_WARN_ENUM_CONVERSION = YES;
				CLANG_WARN_INFINITE_RECURSION = YES;
				CLANG_WARN_INT_CONVERSION = YES;
				CLANG_WARN_NON_LITERAL_NULL_CONVERSION = YES;
				CLANG_WARN_OBJC_IMPLICIT_RETAIN_SELF = YES;
				CLANG_WARN_OBJC_LITERAL_CONVERSION = YES;
				CLANG_WARN_OBJC_ROOT_CLASS = YES_ERROR;
				CLANG_WARN_QUOTED_INCLUDE_IN_FRAMEWORK_HEADER = YES;
				CLANG_WARN_RANGE_LOOP_ANALYSIS = YES;
				CLANG_WARN_STRICT_PROTOTYPES = YES;
				CLANG_WARN_SUSPICIOUS_MOVE = YES;
				CLANG_WARN_UNGUARDED_AVAILABILITY = YES_AGGRESSIVE;
				CLANG_WARN_UNREACHABLE_CODE = YES;
				CLANG_WARN__DUPLICATE_METHOD_MATCH = YES;
				COPY_PHASE_STRIP = NO;
				DEBUG_INFORMATION_FORMAT = dwarf;
				ENABLE_STRICT_OBJC_MSGSEND = YES;
				ENABLE_TESTABILITY = YES;
				ENABLE_USER_SCRIPT_SANDBOXING = YES;
				GCC_C_LANGUAGE_STANDARD = gnu17;
				GCC_DYNAMIC_NO_PIC = NO;
				GCC_NO_COMMON_BLOCKS = YES;
				GCC_OPTIMIZATION_LEVEL = 0;
				GCC_PREPROCESSOR_DEFINITIONS = (
					"DEBUG=1",
					"$(inherited)",
				);
				GCC_WARN_64_TO_32_BIT_CONVERSION = YES;
				GCC_WARN_ABOUT_RETURN_TYPE = YES_ERROR;
				GCC_WARN_UNDECLARED_SELECTOR = YES;
				GCC_WARN_UNINITIALIZED_AUTOS = YES_AGGRESSIVE;
				GCC_WARN_UNUSED_FUNCTION = YES;
				GCC_WARN_UNUSED_VARIABLE = YES;
				LOCALIZATION_PREFERS_STRING_CATALOGS = YES;
				MTL_ENABLE_DEBUG_INFO = INCLUDE_SOURCE;
				MTL_FAST_MATH = YES;
				ONLY_ACTIVE_ARCH = YES;
				SWIFT_ACTIVE_COMPILATION_CONDITIONS = "DEBUG $(inherited)";
				SWIFT_OPTIMIZATION_LEVEL = "-Onone";
				THEM_MAC_SHELL = NO;
			};
			name = Debug;
		};
		C0D09A102F5A000100000010 /* Mac Scaffold Debug */ = {
			isa = XCBuildConfiguration;
			buildSettings = {
				ALWAYS_SEARCH_USER_PATHS = NO;
				ASSETCATALOG_COMPILER_GENERATE_SWIFT_ASSET_SYMBOL_EXTENSIONS = YES;
				CLANG_ANALYZER_NONNULL = YES;
				CLANG_ANALYZER_NUMBER_OBJECT_CONVERSION = YES_AGGRESSIVE;
				CLANG_CXX_LANGUAGE_STANDARD = "gnu++20";
				CLANG_ENABLE_MODULES = YES;
				CLANG_ENABLE_OBJC_ARC = YES;
				CLANG_ENABLE_OBJC_WEAK = YES;
				CLANG_WARN_BLOCK_CAPTURE_AUTORELEASING = YES;
				CLANG_WARN_BOOL_CONVERSION = YES;
				CLANG_WARN_COMMA = YES;
				CLANG_WARN_CONSTANT_CONVERSION = YES;
				CLANG_WARN_DEPRECATED_OBJC_IMPLEMENTATIONS = YES;
				CLANG_WARN_DIRECT_OBJC_ISA_USAGE = YES_ERROR;
				CLANG_WARN_DOCUMENTATION_COMMENTS = YES;
				CLANG_WARN_EMPTY_BODY = YES;
				CLANG_WARN_ENUM_CONVERSION = YES;
				CLANG_WARN_INFINITE_RECURSION = YES;
				CLANG_WARN_INT_CONVERSION = YES;
				CLANG_WARN_NON_LITERAL_NULL_CONVERSION = YES;
				CLANG_WARN_OBJC_IMPLICIT_RETAIN_SELF = YES;
				CLANG_WARN_OBJC_LITERAL_CONVERSION = YES;
				CLANG_WARN_OBJC_ROOT_CLASS = YES_ERROR;
				CLANG_WARN_QUOTED_INCLUDE_IN_FRAMEWORK_HEADER = YES;
				CLANG_WARN_RANGE_LOOP_ANALYSIS = YES;
				CLANG_WARN_STRICT_PROTOTYPES = YES;
				CLANG_WARN_SUSPICIOUS_MOVE = YES;
				CLANG_WARN_UNGUARDED_AVAILABILITY = YES_AGGRESSIVE;
				CLANG_WARN_UNREACHABLE_CODE = YES;
				CLANG_WARN__DUPLICATE_METHOD_MATCH = YES;
				COPY_PHASE_STRIP = NO;
				DEBUG_INFORMATION_FORMAT = dwarf;
				ENABLE_STRICT_OBJC_MSGSEND = YES;
				ENABLE_TESTABILITY = YES;
				ENABLE_USER_SCRIPT_SANDBOXING = YES;
				GCC_C_LANGUAGE_STANDARD = gnu17;
				GCC_DYNAMIC_NO_PIC = NO;
				GCC_NO_COMMON_BLOCKS = YES;
				GCC_OPTIMIZATION_LEVEL = 0;
				GCC_PREPROCESSOR_DEFINITIONS = (
					"DEBUG=1",
					"$(inherited)",
				);
				GCC_WARN_64_TO_32_BIT_CONVERSION = YES;
				GCC_WARN_ABOUT_RETURN_TYPE = YES_ERROR;
				GCC_WARN_UNDECLARED_SELECTOR = YES;
				GCC_WARN_UNINITIALIZED_AUTOS = YES_AGGRESSIVE;
				GCC_WARN_UNUSED_FUNCTION = YES;
				GCC_WARN_UNUSED_VARIABLE = YES;
				LOCALIZATION_PREFERS_STRING_CATALOGS = YES;
				MTL_ENABLE_DEBUG_INFO = INCLUDE_SOURCE;
				MTL_FAST_MATH = YES;
				ONLY_ACTIVE_ARCH = YES;
				SWIFT_ACTIVE_COMPILATION_CONDITIONS = "DEBUG THEM_MAC_SHELL $(inherited)";
				SWIFT_OPTIMIZATION_LEVEL = "-Onone";
				THEM_MAC_SHELL = YES;
			};
			name = "Mac Scaffold Debug";
		};
		D69907292F43F6F000F55BE4 /* Release */ = {
			isa = XCBuildConfiguration;
			buildSettings = {
				ALWAYS_SEARCH_USER_PATHS = NO;
				ASSETCATALOG_COMPILER_GENERATE_SWIFT_ASSET_SYMBOL_EXTENSIONS = YES;
				CLANG_ANALYZER_NONNULL = YES;
				CLANG_ANALYZER_NUMBER_OBJECT_CONVERSION = YES_AGGRESSIVE;
				CLANG_CXX_LANGUAGE_STANDARD = "gnu++20";
				CLANG_ENABLE_MODULES = YES;
				CLANG_ENABLE_OBJC_ARC = YES;
				CLANG_ENABLE_OBJC_WEAK = YES;
				CLANG_WARN_BLOCK_CAPTURE_AUTORELEASING = YES;
				CLANG_WARN_BOOL_CONVERSION = YES;
				CLANG_WARN_COMMA = YES;
				CLANG_WARN_CONSTANT_CONVERSION = YES;
				CLANG_WARN_DEPRECATED_OBJC_IMPLEMENTATIONS = YES;
				CLANG_WARN_DIRECT_OBJC_ISA_USAGE = YES_ERROR;
				CLANG_WARN_DOCUMENTATION_COMMENTS = YES;
				CLANG_WARN_EMPTY_BODY = YES;
				CLANG_WARN_ENUM_CONVERSION = YES;
				CLANG_WARN_INFINITE_RECURSION = YES;
				CLANG_WARN_INT_CONVERSION = YES;
				CLANG_WARN_NON_LITERAL_NULL_CONVERSION = YES;
				CLANG_WARN_OBJC_IMPLICIT_RETAIN_SELF = YES;
				CLANG_WARN_OBJC_LITERAL_CONVERSION = YES;
				CLANG_WARN_OBJC_ROOT_CLASS = YES_ERROR;
				CLANG_WARN_QUOTED_INCLUDE_IN_FRAMEWORK_HEADER = YES;
				CLANG_WARN_RANGE_LOOP_ANALYSIS = YES;
				CLANG_WARN_STRICT_PROTOTYPES = YES;
				CLANG_WARN_SUSPICIOUS_MOVE = YES;
				CLANG_WARN_UNGUARDED_AVAILABILITY = YES_AGGRESSIVE;
				CLANG_WARN_UNREACHABLE_CODE = YES;
				CLANG_WARN__DUPLICATE_METHOD_MATCH = YES;
				COPY_PHASE_STRIP = NO;
				DEBUG_INFORMATION_FORMAT = "dwarf-with-dsym";
				ENABLE_NS_ASSERTIONS = NO;
				ENABLE_STRICT_OBJC_MSGSEND = YES;
				ENABLE_USER_SCRIPT_SANDBOXING = YES;
				GCC_C_LANGUAGE_STANDARD = gnu17;
				GCC_NO_COMMON_BLOCKS = YES;
				GCC_WARN_64_TO_32_BIT_CONVERSION = YES;
				GCC_WARN_ABOUT_RETURN_TYPE = YES_ERROR;
				GCC_WARN_UNDECLARED_SELECTOR = YES;
				GCC_WARN_UNINITIALIZED_AUTOS = YES_AGGRESSIVE;
				GCC_WARN_UNUSED_FUNCTION = YES;
				GCC_WARN_UNUSED_VARIABLE = YES;
				LOCALIZATION_PREFERS_STRING_CATALOGS = YES;
				MTL_ENABLE_DEBUG_INFO = NO;
				MTL_FAST_MATH = YES;
				SWIFT_COMPILATION_MODE = wholemodule;
				THEM_MAC_SHELL = NO;
			};
			name = Release;
		};
		C0D09A122F5A000100000012 /* Mac Scaffold Release */ = {
			isa = XCBuildConfiguration;
			buildSettings = {
				ALWAYS_SEARCH_USER_PATHS = NO;
				ASSETCATALOG_COMPILER_GENERATE_SWIFT_ASSET_SYMBOL_EXTENSIONS = YES;
				CLANG_ANALYZER_NONNULL = YES;
				CLANG_ANALYZER_NUMBER_OBJECT_CONVERSION = YES_AGGRESSIVE;
				CLANG_CXX_LANGUAGE_STANDARD = "gnu++20";
				CLANG_ENABLE_MODULES = YES;
				CLANG_ENABLE_OBJC_ARC = YES;
				CLANG_ENABLE_OBJC_WEAK = YES;
				CLANG_WARN_BLOCK_CAPTURE_AUTORELEASING = YES;
				CLANG_WARN_BOOL_CONVERSION = YES;
				CLANG_WARN_COMMA = YES;
				CLANG_WARN_CONSTANT_CONVERSION = YES;
				CLANG_WARN_DEPRECATED_OBJC_IMPLEMENTATIONS = YES;
				CLANG_WARN_DIRECT_OBJC_ISA_USAGE = YES_ERROR;
				CLANG_WARN_DOCUMENTATION_COMMENTS = YES;
				CLANG_WARN_EMPTY_BODY = YES;
				CLANG_WARN_ENUM_CONVERSION = YES;
				CLANG_WARN_INFINITE_RECURSION = YES;
				CLANG_WARN_INT_CONVERSION = YES;
				CLANG_WARN_NON_LITERAL_NULL_CONVERSION = YES;
				CLANG_WARN_OBJC_IMPLICIT_RETAIN_SELF = YES;
				CLANG_WARN_OBJC_LITERAL_CONVERSION = YES;
				CLANG_WARN_OBJC_ROOT_CLASS = YES_ERROR;
				CLANG_WARN_QUOTED_INCLUDE_IN_FRAMEWORK_HEADER = YES;
				CLANG_WARN_RANGE_LOOP_ANALYSIS = YES;
				CLANG_WARN_STRICT_PROTOTYPES = YES;
				CLANG_WARN_SUSPICIOUS_MOVE = YES;
				CLANG_WARN_UNGUARDED_AVAILABILITY = YES_AGGRESSIVE;
				CLANG_WARN_UNREACHABLE_CODE = YES;
				CLANG_WARN__DUPLICATE_METHOD_MATCH = YES;
				COPY_PHASE_STRIP = NO;
				DEBUG_INFORMATION_FORMAT = "dwarf-with-dsym";
				ENABLE_NS_ASSERTIONS = NO;
				ENABLE_STRICT_OBJC_MSGSEND = YES;
				ENABLE_USER_SCRIPT_SANDBOXING = YES;
				GCC_C_LANGUAGE_STANDARD = gnu17;
				GCC_NO_COMMON_BLOCKS = YES;
				GCC_WARN_64_TO_32_BIT_CONVERSION = YES;
				GCC_WARN_ABOUT_RETURN_TYPE = YES_ERROR;
				GCC_WARN_UNDECLARED_SELECTOR = YES;
				GCC_WARN_UNINITIALIZED_AUTOS = YES_AGGRESSIVE;
				GCC_WARN_UNUSED_FUNCTION = YES;
				GCC_WARN_UNUSED_VARIABLE = YES;
				LOCALIZATION_PREFERS_STRING_CATALOGS = YES;
				MTL_ENABLE_DEBUG_INFO = NO;
				MTL_FAST_MATH = YES;
				SWIFT_ACTIVE_COMPILATION_CONDITIONS = "THEM_MAC_SHELL $(inherited)";
				SWIFT_COMPILATION_MODE = wholemodule;
				THEM_MAC_SHELL = YES;
			};
			name = "Mac Scaffold Release";
		};
		D699072B2F43F6F000F55BE4 /* Debug */ = {
			isa = XCBuildConfiguration;
			baseConfigurationReference = C0D09A092F5A000100000009 /* Config.xcconfig */;
			buildSettings = {
				APP_TOKEN = "$(APP_TOKEN_DEBUG)";
				ASSETCATALOG_COMPILER_APPICON_NAME = AppIcon;
				ASSETCATALOG_COMPILER_GLOBAL_ACCENT_COLOR_NAME = AccentColor;
				BACKEND_URL = "http://localhost:3000";
				"CODE_SIGN_ENTITLEMENTS[sdk=iphoneos*]" = "them/them-iOS.entitlements";
				"CODE_SIGN_ENTITLEMENTS[sdk=iphonesimulator*]" = "them/them-iOS.entitlements";
				"CODE_SIGN_ENTITLEMENTS[sdk=macosx*]" = "them/them.entitlements";
				CODE_SIGN_STYLE = Automatic;
				CURRENT_PROJECT_VERSION = 1;
				DEVELOPMENT_TEAM = "$(DEVELOPMENT_TEAM_ID)";
				ENABLE_APP_SANDBOX = YES;
				ENABLE_PREVIEWS = YES;
				ENABLE_USER_SELECTED_FILES = readonly;
				EXCLUDED_SOURCE_FILE_NAMES = (
					"Config.xcconfig",
					"Release.local.xcconfig",
					".codex_tmp",
					".codex_tmp/*",
					"*.md",
					"docs",
					"docs/*",
					"them.xcworkspace",
					"them.xcworkspace/*",
					"tmp",
					"tmp/*",
				);
				GENERATE_INFOPLIST_FILE = YES;
				INFOPLIST_FILE = "them/Info-Debug.plist";
				INFOPLIST_KEY_CFBundleDisplayName = THEM;
				"INFOPLIST_KEY_UIApplicationSceneManifest_Generation[sdk=iphoneos*]" = YES;
				"INFOPLIST_KEY_UIApplicationSceneManifest_Generation[sdk=iphonesimulator*]" = YES;
				"INFOPLIST_KEY_UIApplicationSupportsIndirectInputEvents[sdk=iphoneos*]" = YES;
				"INFOPLIST_KEY_UIApplicationSupportsIndirectInputEvents[sdk=iphonesimulator*]" = YES;
				"INFOPLIST_KEY_UILaunchScreen_Generation[sdk=iphoneos*]" = YES;
				"INFOPLIST_KEY_UILaunchScreen_Generation[sdk=iphonesimulator*]" = YES;
				"INFOPLIST_KEY_UIStatusBarStyle[sdk=iphoneos*]" = UIStatusBarStyleDefault;
				"INFOPLIST_KEY_UIStatusBarStyle[sdk=iphonesimulator*]" = UIStatusBarStyleDefault;
				INFOPLIST_KEY_UISupportedInterfaceOrientations_iPad = "UIInterfaceOrientationPortrait UIInterfaceOrientationPortraitUpsideDown UIInterfaceOrientationLandscapeLeft UIInterfaceOrientationLandscapeRight";
				INFOPLIST_KEY_UISupportedInterfaceOrientations_iPhone = "UIInterfaceOrientationPortrait UIInterfaceOrientationLandscapeLeft UIInterfaceOrientationLandscapeRight";
				IPHONEOS_DEPLOYMENT_TARGET = 26.2;
				LD_RUNPATH_SEARCH_PATHS = "@executable_path/Frameworks";
				"LD_RUNPATH_SEARCH_PATHS[sdk=macosx*]" = "@executable_path/../Frameworks";
				MACOSX_DEPLOYMENT_TARGET = 26.0;
				MARKETING_VERSION = 1.0;
				PRODUCT_BUNDLE_IDENTIFIER = io.them.them;
				PRODUCT_NAME = "$(TARGET_NAME)";
				REGISTER_APP_GROUPS = YES;
				SDKROOT = auto;
				STRING_CATALOG_GENERATE_SYMBOLS = YES;
				SUPPORTED_PLATFORMS = "iphoneos iphonesimulator";
				SWIFT_APPROACHABLE_CONCURRENCY = YES;
				SWIFT_DEFAULT_ACTOR_ISOLATION = MainActor;
				SWIFT_EMIT_LOC_STRINGS = YES;
				SWIFT_UPCOMING_FEATURE_MEMBER_IMPORT_VISIBILITY = YES;
				SWIFT_VERSION = 5.0;
				TARGETED_DEVICE_FAMILY = 1;
				THEM_MAC_SHELL = NO;
				XROS_DEPLOYMENT_TARGET = 26.2;
			};
			name = Debug;
		};
		C0D09A112F5A000100000011 /* Mac Scaffold Debug */ = {
			isa = XCBuildConfiguration;
			baseConfigurationReference = C0D09A092F5A000100000009 /* Config.xcconfig */;
			buildSettings = {
				ASSETCATALOG_COMPILER_APPICON_NAME = AppIcon;
				ASSETCATALOG_COMPILER_GLOBAL_ACCENT_COLOR_NAME = AccentColor;
				"CODE_SIGN_ENTITLEMENTS[sdk=macosx*]" = "them/them.entitlements";
				CODE_SIGN_STYLE = Automatic;
				CURRENT_PROJECT_VERSION = 1;
				ENABLE_APP_SANDBOX = YES;
				ENABLE_PREVIEWS = YES;
				ENABLE_USER_SELECTED_FILES = readonly;
				EXCLUDED_SOURCE_FILE_NAMES = (
					"Config.xcconfig",
					"Release.local.xcconfig",
					".codex_tmp",
					".codex_tmp/*",
					"*.md",
					"docs",
					"docs/*",
					"them.xcworkspace",
					"them.xcworkspace/*",
					"tmp",
					"tmp/*",
				);
				GENERATE_INFOPLIST_FILE = YES;
				INFOPLIST_FILE = "them/Info.plist";
				INFOPLIST_KEY_CFBundleDisplayName = THEM;
				IPHONEOS_DEPLOYMENT_TARGET = 26.2;
				LD_RUNPATH_SEARCH_PATHS = "@executable_path/Frameworks";
				"LD_RUNPATH_SEARCH_PATHS[sdk=macosx*]" = "@executable_path/../Frameworks";
				MACOSX_DEPLOYMENT_TARGET = 26.0;
				MARKETING_VERSION = 1.0;
				PRODUCT_BUNDLE_IDENTIFIER = io.them.them;
				PRODUCT_NAME = "$(TARGET_NAME)";
				REGISTER_APP_GROUPS = YES;
				SDKROOT = auto;
				STRING_CATALOG_GENERATE_SYMBOLS = YES;
				SUPPORTED_PLATFORMS = macosx;
				SWIFT_APPROACHABLE_CONCURRENCY = YES;
				SWIFT_DEFAULT_ACTOR_ISOLATION = MainActor;
				SWIFT_EMIT_LOC_STRINGS = YES;
				SWIFT_UPCOMING_FEATURE_MEMBER_IMPORT_VISIBILITY = YES;
				SWIFT_VERSION = 5.0;
				TARGETED_DEVICE_FAMILY = "1,2";
				THEM_MAC_SHELL = YES;
			};
			name = "Mac Scaffold Debug";
		};
		D699072C2F43F6F000F55BE4 /* Release */ = {
			isa = XCBuildConfiguration;
			baseConfigurationReference = C0D09A092F5A000100000009 /* Config.xcconfig */;
			buildSettings = {
				APP_TOKEN = "$(APP_TOKEN_RELEASE)";
				ASSETCATALOG_COMPILER_APPICON_NAME = AppIcon;
				ASSETCATALOG_COMPILER_GLOBAL_ACCENT_COLOR_NAME = AccentColor;
				BACKEND_URL = "https://api.them.io";
				"CODE_SIGN_ENTITLEMENTS[sdk=iphoneos*]" = "them/them-iOS.entitlements";
				"CODE_SIGN_ENTITLEMENTS[sdk=iphonesimulator*]" = "them/them-iOS.entitlements";
				"CODE_SIGN_ENTITLEMENTS[sdk=macosx*]" = "them/them.entitlements";
				CODE_SIGN_STYLE = Automatic;
				CURRENT_PROJECT_VERSION = 1;
				DEVELOPMENT_TEAM = "$(DEVELOPMENT_TEAM_ID)";
				ENABLE_APP_SANDBOX = YES;
				ENABLE_PREVIEWS = YES;
				ENABLE_USER_SELECTED_FILES = readonly;
				EXCLUDED_SOURCE_FILE_NAMES = (
					"Config.xcconfig",
					"Release.local.xcconfig",
					".codex_tmp",
					".codex_tmp/*",
					"*.md",
					"docs",
					"docs/*",
					"them.xcworkspace",
					"them.xcworkspace/*",
					"tmp",
					"tmp/*",
				);
				GENERATE_INFOPLIST_FILE = YES;
				INFOPLIST_FILE = "them/Info-Release.plist";
				INFOPLIST_KEY_CFBundleDisplayName = THEM;
				"INFOPLIST_KEY_UIApplicationSceneManifest_Generation[sdk=iphoneos*]" = YES;
				"INFOPLIST_KEY_UIApplicationSceneManifest_Generation[sdk=iphonesimulator*]" = YES;
				"INFOPLIST_KEY_UIApplicationSupportsIndirectInputEvents[sdk=iphoneos*]" = YES;
				"INFOPLIST_KEY_UIApplicationSupportsIndirectInputEvents[sdk=iphonesimulator*]" = YES;
				"INFOPLIST_KEY_UILaunchScreen_Generation[sdk=iphoneos*]" = YES;
				"INFOPLIST_KEY_UILaunchScreen_Generation[sdk=iphonesimulator*]" = YES;
				"INFOPLIST_KEY_UIStatusBarStyle[sdk=iphoneos*]" = UIStatusBarStyleDefault;
				"INFOPLIST_KEY_UIStatusBarStyle[sdk=iphonesimulator*]" = UIStatusBarStyleDefault;
				INFOPLIST_KEY_UISupportedInterfaceOrientations_iPad = "UIInterfaceOrientationPortrait UIInterfaceOrientationPortraitUpsideDown UIInterfaceOrientationLandscapeLeft UIInterfaceOrientationLandscapeRight";
				INFOPLIST_KEY_UISupportedInterfaceOrientations_iPhone = "UIInterfaceOrientationPortrait UIInterfaceOrientationLandscapeLeft UIInterfaceOrientationLandscapeRight";
				IPHONEOS_DEPLOYMENT_TARGET = 26.2;
				LD_RUNPATH_SEARCH_PATHS = "@executable_path/Frameworks";
				"LD_RUNPATH_SEARCH_PATHS[sdk=macosx*]" = "@executable_path/../Frameworks";
				MACOSX_DEPLOYMENT_TARGET = 26.0;
				MARKETING_VERSION = 1.0;
				PRODUCT_BUNDLE_IDENTIFIER = io.them.them;
				PRODUCT_NAME = "$(TARGET_NAME)";
				REGISTER_APP_GROUPS = YES;
				SDKROOT = auto;
				STRING_CATALOG_GENERATE_SYMBOLS = YES;
				SUPPORTED_PLATFORMS = "iphoneos iphonesimulator";
				SWIFT_APPROACHABLE_CONCURRENCY = YES;
				SWIFT_DEFAULT_ACTOR_ISOLATION = MainActor;
				SWIFT_EMIT_LOC_STRINGS = YES;
				SWIFT_UPCOMING_FEATURE_MEMBER_IMPORT_VISIBILITY = YES;
				SWIFT_VERSION = 5.0;
				TARGETED_DEVICE_FAMILY = 1;
				THEM_MAC_SHELL = NO;
				XROS_DEPLOYMENT_TARGET = 26.2;
			};
			name = Release;
		};
		C0D09A132F5A000100000013 /* Mac Scaffold Release */ = {
			isa = XCBuildConfiguration;
			baseConfigurationReference = C0D09A092F5A000100000009 /* Config.xcconfig */;
			buildSettings = {
				APP_TOKEN = "$(APP_TOKEN_RELEASE)";
				ASSETCATALOG_COMPILER_APPICON_NAME = AppIcon;
				ASSETCATALOG_COMPILER_GLOBAL_ACCENT_COLOR_NAME = AccentColor;
				BACKEND_URL = "https://api.them.io";
				"CODE_SIGN_ENTITLEMENTS[sdk=macosx*]" = "them/them.entitlements";
				CODE_SIGN_STYLE = Automatic;
				CURRENT_PROJECT_VERSION = 1;
				DEVELOPMENT_TEAM = "$(DEVELOPMENT_TEAM_ID)";
				ENABLE_APP_SANDBOX = YES;
				ENABLE_PREVIEWS = YES;
				ENABLE_USER_SELECTED_FILES = readonly;
				EXCLUDED_SOURCE_FILE_NAMES = (
					"Config.xcconfig",
					"Release.local.xcconfig",
					".codex_tmp",
					".codex_tmp/*",
					"*.md",
					"docs",
					"docs/*",
					"them.xcworkspace",
					"them.xcworkspace/*",
					"tmp",
					"tmp/*",
				);
				GENERATE_INFOPLIST_FILE = YES;
				INFOPLIST_FILE = "them/Info-Release.plist";
				INFOPLIST_KEY_CFBundleDisplayName = THEM;
				INFOPLIST_KEY_LSApplicationCategoryType = "public.app-category.productivity";
				IPHONEOS_DEPLOYMENT_TARGET = 26.2;
				LD_RUNPATH_SEARCH_PATHS = "@executable_path/Frameworks";
				"LD_RUNPATH_SEARCH_PATHS[sdk=macosx*]" = "@executable_path/../Frameworks";
				MACOSX_DEPLOYMENT_TARGET = 26.0;
				MARKETING_VERSION = 1.0;
				PRODUCT_BUNDLE_IDENTIFIER = io.them.them;
				PRODUCT_NAME = "$(TARGET_NAME)";
				REGISTER_APP_GROUPS = YES;
				SDKROOT = auto;
				STRING_CATALOG_GENERATE_SYMBOLS = YES;
				SUPPORTED_PLATFORMS = macosx;
				SWIFT_APPROACHABLE_CONCURRENCY = YES;
				SWIFT_DEFAULT_ACTOR_ISOLATION = MainActor;
				SWIFT_EMIT_LOC_STRINGS = YES;
				SWIFT_UPCOMING_FEATURE_MEMBER_IMPORT_VISIBILITY = YES;
				SWIFT_VERSION = 5.0;
				TARGETED_DEVICE_FAMILY = "1,2";
				THEM_MAC_SHELL = YES;
			};
			name = "Mac Scaffold Release";
		};
/* End XCBuildConfiguration section */

/* Begin XCConfigurationList section */
		A1B2C30A2F50000100AAA001 /* Build configuration list for PBXNativeTarget "themTests" */ = {
			isa = XCConfigurationList;
			buildConfigurations = (
				A1B2C30C2F50000100AAA001 /* Debug */,
				A1B2C30D2F50000100AAA001 /* Release */,
			);
			defaultConfigurationIsVisible = 0;
			defaultConfigurationName = Release;
		};
		C0D09A2A2F5A00010000002A /* Build configuration list for PBXNativeTarget "themUITests" */ = {
			isa = XCConfigurationList;
			buildConfigurations = (
				C0D09A282F5A000100000028 /* Debug */,
				C0D09A2B2F5A00010000002B /* Mac Scaffold Debug */,
				C0D09A292F5A000100000029 /* Release */,
			);
			defaultConfigurationIsVisible = 0;
			defaultConfigurationName = Release;
		};
		D699071A2F43F6EF00F55BE4 /* Build configuration list for PBXProject "them" */ = {
			isa = XCConfigurationList;
			buildConfigurations = (
				D69907282F43F6F000F55BE4 /* Debug */,
				C0D09A102F5A000100000010 /* Mac Scaffold Debug */,
				C0D09A122F5A000100000012 /* Mac Scaffold Release */,
				D69907292F43F6F000F55BE4 /* Release */,
			);
			defaultConfigurationIsVisible = 0;
			defaultConfigurationName = Release;
		};
		D699072A2F43F6F000F55BE4 /* Build configuration list for PBXNativeTarget "them" */ = {
			isa = XCConfigurationList;
			buildConfigurations = (
				D699072B2F43F6F000F55BE4 /* Debug */,
				C0D09A112F5A000100000011 /* Mac Scaffold Debug */,
				C0D09A132F5A000100000013 /* Mac Scaffold Release */,
				D699072C2F43F6F000F55BE4 /* Release */,
			);
			defaultConfigurationIsVisible = 0;
			defaultConfigurationName = Release;
		};
/* End XCConfigurationList section */
	};
	rootObject = D69907172F43F6EF00F55BE4 /* Project object */;
}
